
Microsoft Visual Studio Solution File, Format Version 12.00
# Visual Studio Version 17
VisualStudioVersion = 17.14.36603.0 d17.14
MinimumVisualStudioVersion = 10.0.40219.1
Project("{FAE04EC0-301F-11D3-BF4B-00C04F79EFBC}") = "YallaKhadra.API", "YallaKhadra.API\YallaKhadra.API.csproj", "{160A02AD-913E-489C-AC60-27F4C78A1CBC}"
EndProject
Project("{FAE04EC0-301F-11D3-BF4B-00C04F79EFBC}") = "YallaKhadra.Core", "YallaKhadra.Core\YallaKhadra.Core.csproj", "{7D081420-61BA-4CA7-98E1-4C5AFD6D0C12}"
EndProject
Project("{FAE04EC0-301F-11D3-BF4B-00C04F79EFBC}") = "YallaKhadra.Services", "YallaKhadra.Services\YallaKhadra.Services.csproj", "{5FC7F2EC-22BF-4461-9945-FB11A9DFB769}"
EndProject
Project("{FAE04EC0-301F-11D3-BF4B-00C04F79EFBC}") = "YallaKhadra.Infrastructure", "YallaKhadra.Infrastructure\YallaKhadra.Infrastructure.csproj", "{859D36F4-E062-4F74-8828-5D96F5EEAB5E}"
EndProject
Global
	GlobalSection(SolutionConfigurationPlatforms) = preSolution
		Debug|Any CPU = Debug|Any CPU
		Release|Any CPU = Release|Any CPU
	EndGlobalSection
	GlobalSection(ProjectConfigurationPlatforms) = postSolution
		{160A02AD-913E-489C-AC60-27F4C78A1CBC}.Debug|Any CPU.ActiveCfg = Debug|Any CPU
		{160A02AD-913E-489C-AC60-27F4C78A1CBC}.Debug|Any CPU.Build.0 = Debug|Any CPU
		{160A02AD-913E-489C-AC60-27F4C78A1CBC}.Release|Any CPU.ActiveCfg = Release|Any CPU
		{160A02AD-913E-489C-AC60-27F4C78A1CBC}.Release|Any CPU.Build.0 = Release|Any CPU
		{7D081420-61BA-4CA7-98E1-4C5AFD6D0C12}.Debug|Any CPU.ActiveCfg = Debug|Any CPU
		{7D081420-61BA-4CA7-98E1-4C5AFD6D0C12}.Debug|Any CPU.Build.0 = Debug|Any CPU
		{7D081420-61BA-4CA7-98E1-4C5AFD6D0C12}.Release|Any CPU.ActiveCfg = Release|Any CPU
		{7D081420-61BA-4CA7-98E1-4C5AFD6D0C12}.Release|Any CPU.Build.0 = Release|Any CPU
		{5FC7F2EC-22BF-4461-9945-FB11A9DFB769}.Debug|Any CPU.ActiveCfg = Debug|Any CPU
		{5FC7F2EC-22BF-4461-9945-FB11A9DFB769}.Debug|Any CPU.Build.0 = Debug|Any CPU
		{5FC7F2EC-22BF-4461-9945-FB11A9DFB769}.Release|Any CPU.ActiveCfg = Release|Any CPU
		{5FC7F2EC-22BF-4461-9945-FB11A9DFB769}.Release|Any CPU.Build.0 = Release|Any CPU
		{859D36F4-E062-4F74-8828-5D96F5EEAB5E}.Debug|Any CPU.ActiveCfg = Debug|Any CPU
		{859D36F4-E062-4F74-8828-5D96F5EEAB5E}.Debug|Any CPU.Build.0 = Debug|Any CPU
		{859D36F4-E062-4F74-8828-5D96F5EEAB5E}.Release|Any CPU.ActiveCfg = Release|Any CPU
		{859D36F4-E062-4F74-8828-5D96F5EEAB5E}.Release|Any CPU.Build.0 = Release|Any CPU
	EndGlobalSection
	GlobalSection(SolutionProperties) = preSolution
		HideSolutionNode = FALSE
	EndGlobalSection
	GlobalSection(ExtensibilityGlobals) = postSolution
		SolutionGuid = {46F08C7E-237C-4562-8ABC-148E07CBA2FE}
	EndGlobalSection
EndGlobal
